
Microsoft Visual Studio Solution File, Format Version 12.00
# Visual Studio 15
VisualStudioVersion = 15.0.28307.645
MinimumVisualStudioVersion = 10.0.40219.1
Project("{FAE04EC0-301F-11D3-BF4B-00C04F79EFBC}") = "FiniteStateMachine_TestProgram", "FiniteStateMachine_TestProgram\FiniteStateMachine_TestProgram.csproj", "{CA6229F9-6C0C-4C88-A055-A3C595020F2B}"
EndProject
Project("{FAE04EC0-301F-11D3-BF4B-00C04F79EFBC}") = "FiniteStateMachineFramework.Core", "FiniteStateMachineFramework.Core\FiniteStateMachineFramework.Core.csproj", "{6F2933E9-4A12-4517-A79E-9D8E4B64EA70}"
EndProject
Global
	GlobalSection(SolutionConfigurationPlatforms) = preSolution
		Debug|Any CPU = Debug|Any CPU
		Release|Any CPU = Release|Any CPU
	EndGlobalSection
	GlobalSection(ProjectConfigurationPlatforms) = postSolution
		{CA6229F9-6C0C-4C88-A055-A3C595020F2B}.Debug|Any CPU.ActiveCfg = Debug|Any CPU
		{CA6229F9-6C0C-4C88-A055-A3C595020F2B}.Debug|Any CPU.Build.0 = Debug|Any CPU
		{CA6229F9-6C0C-4C88-A055-A3C595020F2B}.Release|Any CPU.ActiveCfg = Release|Any CPU
		{CA6229F9-6C0C-4C88-A055-A3C595020F2B}.Release|Any CPU.Build.0 = Release|Any CPU
		{6F2933E9-4A12-4517-A79E-9D8E4B64EA70}.Debug|Any CPU.ActiveCfg = Debug|Any CPU
		{6F2933E9-4A12-4517-A79E-9D8E4B64EA70}.Debug|Any CPU.Build.0 = Debug|Any CPU
		{6F2933E9-4A12-4517-A79E-9D8E4B64EA70}.Release|Any CPU.ActiveCfg = Release|Any CPU
		{6F2933E9-4A12-4517-A79E-9D8E4B64EA70}.Release|Any CPU.Build.0 = Release|Any CPU
	EndGlobalSection
	GlobalSection(SolutionProperties) = preSolution
		HideSolutionNode = FALSE
	EndGlobalSection
	GlobalSection(ExtensibilityGlobals) = postSolution
		SolutionGuid = {F0AB1F0F-36D6-4723-A7B9-0784953CF220}
	EndGlobalSection
EndGlobal
